
Microsoft Visual Studio Solution File, Format Version 12.00
# Visual Studio 15
VisualStudioVersion = 15.0.27703.2018
MinimumVisualStudioVersion = 10.0.40219.1
Project("{8BC9CEB8-8B4A-11D0-8D11-00A0C91BC942}") = "HarmonicEngine", "HarmonicEngine\HarmonicEngine.vcxproj", "{E520204F-87D7-4AEF-8675-A6B1CBA073D1}"
EndProject
Project("{8BC9CEB8-8B4A-11D0-8D11-00A0C91BC942}") = "Sandbox", "Sandbox\Sandbox.vcxproj", "{F5293558-23B6-420D-B163-F96DCA045273}"
EndProject
Global
	GlobalSection(SolutionConfigurationPlatforms) = preSolution
		Debug|x64 = Debug|x64
		Debug|x86 = Debug|x86
		Release|x64 = Release|x64
		Release|x86 = Release|x86
	EndGlobalSection
	GlobalSection(ProjectConfigurationPlatforms) = postSolution
		{E520204F-87D7-4AEF-8675-A6B1CBA073D1}.Debug|x64.ActiveCfg = Debug|x64
		{E520204F-87D7-4AEF-8675-A6B1CBA073D1}.Debug|x64.Build.0 = Debug|x64
		{E520204F-87D7-4AEF-8675-A6B1CBA073D1}.Debug|x86.ActiveCfg = Debug|Win32
		{E520204F-87D7-4AEF-8675-A6B1CBA073D1}.Debug|x86.Build.0 = Debug|Win32
		{E520204F-87D7-4AEF-8675-A6B1CBA073D1}.Release|x64.ActiveCfg = Release|x64
		{E520204F-87D7-4AEF-8675-A6B1CBA073D1}.Release|x64.Build.0 = Release|x64
		{E520204F-87D7-4AEF-8675-A6B1CBA073D1}.Release|x86.ActiveCfg = Release|Win32
		{E520204F-87D7-4AEF-8675-A6B1CBA073D1}.Release|x86.Build.0 = Release|Win32
		{F5293558-23B6-420D-B163-F96DCA045273}.Debug|x64.ActiveCfg = Debug|x64
		{F5293558-23B6-420D-B163-F96DCA045273}.Debug|x64.Build.0 = Debug|x64
		{F5293558-23B6-420D-B163-F96DCA045273}.Debug|x86.ActiveCfg = Debug|Win32
		{F5293558-23B6-420D-B163-F96DCA045273}.Debug|x86.Build.0 = Debug|Win32
		{F5293558-23B6-420D-B163-F96DCA045273}.Release|x64.ActiveCfg = Release|x64
		{F5293558-23B6-420D-B163-F96DCA045273}.Release|x64.Build.0 = Release|x64
		{F5293558-23B6-420D-B163-F96DCA045273}.Release|x86.ActiveCfg = Release|Win32
		{F5293558-23B6-420D-B163-F96DCA045273}.Release|x86.Build.0 = Release|Win32
	EndGlobalSection
	GlobalSection(SolutionProperties) = preSolution
		HideSolutionNode = FALSE
	EndGlobalSection
	GlobalSection(ExtensibilityGlobals) = postSolution
		SolutionGuid = {422E71ED-9E8C-42DE-9354-788A2FE1B9C3}
	EndGlobalSection
EndGlobal
