<?xml version="1.0" encoding="utf-8"?>
<Project ToolsVersion="4.0" xmlns="http://schemas.microsoft.com/developer/msbuild/2003">
  <ItemGroup>
    <ClInclude Include="Include\Engine.h" />
    <ClInclude Include="Include\Systems\Singleton.h" />
    <ClInclude Include="Include\Utilities\EngineTypes.h" />
    <ClInclude Include="Include\Systems\Logger.h" />
    <ClInclude Include="Include\Systems\Window.h" />
    <ClInclude Include="Include\Systems\System.h" />
    <ClInclude Include="Include\Systems\SystemManager.h" />
    <ClInclude Include="Include\Systems\Graphics.h" />
    <ClInclude Include="Include\Resources\ResourceManager.h" />
  </ItemGroup>
  <ItemGroup>
    <ClCompile Include="Source\Engine.cpp" />
    <ClCompile Include="Source\Systems\Singleton.cpp" />
    <ClCompile Include="Source\Systems\Logger.cpp" />
    <ClCompile Include="Source\Systems\Window.cpp" />
    <ClCompile Include="Source\Systems\SystemManager.cpp" />
    <ClCompile Include="Source\Systems\Graphics.cpp" />
    <ClCompile Include="Source\Resources\ResourceManager.cpp" />
  </ItemGroup>
</Project>